
Microsoft Visual Studio Solution File, Format Version 12.00
# Visual Studio Version 17
VisualStudioVersion = 17.3.32901.215
MinimumVisualStudioVersion = 10.0.40219.1
Project("{FAE04EC0-301F-11D3-BF4B-00C04F79EFBC}") = "BlogProject", "BlogProject\BlogProject.csproj", "{23122D07-8DF6-424E-8E91-8521ABC007A1}"
EndProject
Global
	GlobalSection(SolutionConfigurationPlatforms) = preSolution
		Debug|Any CPU = Debug|Any CPU
		Release|Any CPU = Release|Any CPU
	EndGlobalSection
	GlobalSection(ProjectConfigurationPlatforms) = postSolution
		{23122D07-8DF6-424E-8E91-8521ABC007A1}.Debug|Any CPU.ActiveCfg = Debug|Any CPU
		{23122D07-8DF6-424E-8E91-8521ABC007A1}.Debug|Any CPU.Build.0 = Debug|Any CPU
		{23122D07-8DF6-424E-8E91-8521ABC007A1}.Release|Any CPU.ActiveCfg = Release|Any CPU
		{23122D07-8DF6-424E-8E91-8521ABC007A1}.Release|Any CPU.Build.0 = Release|Any CPU
	EndGlobalSection
	GlobalSection(SolutionProperties) = preSolution
		HideSolutionNode = FALSE
	EndGlobalSection
	GlobalSection(ExtensibilityGlobals) = postSolution
		SolutionGuid = {15BE6663-339B-4EA9-B50D-90E95D8ACD56}
	EndGlobalSection
EndGlobal
